
Microsoft Visual Studio Solution File, Format Version 12.00
# Visual Studio 15
VisualStudioVersion = 15.0.27703.2035
MinimumVisualStudioVersion = 10.0.40219.1
Project("{FAE04EC0-301F-11D3-BF4B-00C04F79EFBC}") = "BoardGame", "BoardGame\BoardGame.csproj", "{0CBD87C9-80DE-4979-B5B4-CF7F4B51C598}"
EndProject
Project("{FAE04EC0-301F-11D3-BF4B-00C04F79EFBC}") = "BoardGameTests", "BoardGameTests\BoardGameTests.csproj", "{BB2786AF-877D-4275-AB54-E9E58795E8EF}"
EndProject
Global
	GlobalSection(SolutionConfigurationPlatforms) = preSolution
		Debug|Any CPU = Debug|Any CPU
		Release|Any CPU = Release|Any CPU
	EndGlobalSection
	GlobalSection(ProjectConfigurationPlatforms) = postSolution
		{0CBD87C9-80DE-4979-B5B4-CF7F4B51C598}.Debug|Any CPU.ActiveCfg = Debug|Any CPU
		{0CBD87C9-80DE-4979-B5B4-CF7F4B51C598}.Debug|Any CPU.Build.0 = Debug|Any CPU
		{0CBD87C9-80DE-4979-B5B4-CF7F4B51C598}.Release|Any CPU.ActiveCfg = Release|Any CPU
		{0CBD87C9-80DE-4979-B5B4-CF7F4B51C598}.Release|Any CPU.Build.0 = Release|Any CPU
		{BB2786AF-877D-4275-AB54-E9E58795E8EF}.Debug|Any CPU.ActiveCfg = Debug|Any CPU
		{BB2786AF-877D-4275-AB54-E9E58795E8EF}.Debug|Any CPU.Build.0 = Debug|Any CPU
		{BB2786AF-877D-4275-AB54-E9E58795E8EF}.Release|Any CPU.ActiveCfg = Release|Any CPU
		{BB2786AF-877D-4275-AB54-E9E58795E8EF}.Release|Any CPU.Build.0 = Release|Any CPU
	EndGlobalSection
	GlobalSection(SolutionProperties) = preSolution
		HideSolutionNode = FALSE
	EndGlobalSection
	GlobalSection(ExtensibilityGlobals) = postSolution
		SolutionGuid = {FD6A9B26-A556-4CE7-853B-5FE540BA2213}
	EndGlobalSection
EndGlobal
